
Microsoft Visual Studio Solution File, Format Version 12.00
# Visual Studio Version 17
VisualStudioVersion = 17.5.002.0
MinimumVisualStudioVersion = 10.0.40219.1
Project("{9A19103F-16F7-4668-BE54-9A1E7A4F7556}") = "Escrever01", "Escrever01.csproj", "{BB1CC510-2181-4336-88ED-FF26E7C3593D}"
EndProject
Global
	GlobalSection(SolutionConfigurationPlatforms) = preSolution
		Debug|Any CPU = Debug|Any CPU
		Release|Any CPU = Release|Any CPU
	EndGlobalSection
	GlobalSection(ProjectConfigurationPlatforms) = postSolution
		{BB1CC510-2181-4336-88ED-FF26E7C3593D}.Debug|Any CPU.ActiveCfg = Debug|Any CPU
		{BB1CC510-2181-4336-88ED-FF26E7C3593D}.Debug|Any CPU.Build.0 = Debug|Any CPU
		{BB1CC510-2181-4336-88ED-FF26E7C3593D}.Release|Any CPU.ActiveCfg = Release|Any CPU
		{BB1CC510-2181-4336-88ED-FF26E7C3593D}.Release|Any CPU.Build.0 = Release|Any CPU
	EndGlobalSection
	GlobalSection(SolutionProperties) = preSolution
		HideSolutionNode = FALSE
	EndGlobalSection
	GlobalSection(ExtensibilityGlobals) = postSolution
		SolutionGuid = {DC87ED56-E97E-4C05-A9B9-76E1CD7E63D8}
	EndGlobalSection
EndGlobal
